
Microsoft Visual Studio Solution File, Format Version 12.00
# Visual Studio Version 16
VisualStudioVersion = 16.0.28803.202
MinimumVisualStudioVersion = 10.0.40219.1
Project("{8BC9CEB8-8B4A-11D0-8D11-00A0C91BC942}") = "week18", "week18.vcxproj", "{D58C52F7-0F80-4995-9F12-BB6BF587D649}"
EndProject
Global
	GlobalSection(SolutionConfigurationPlatforms) = preSolution
		Debug|x64 = Debug|x64
		Debug|x86 = Debug|x86
		Release|x64 = Release|x64
		Release|x86 = Release|x86
	EndGlobalSection
	GlobalSection(ProjectConfigurationPlatforms) = postSolution
		{D58C52F7-0F80-4995-9F12-BB6BF587D649}.Debug|x64.ActiveCfg = Debug|x64
		{D58C52F7-0F80-4995-9F12-BB6BF587D649}.Debug|x64.Build.0 = Debug|x64
		{D58C52F7-0F80-4995-9F12-BB6BF587D649}.Debug|x86.ActiveCfg = Debug|Win32
		{D58C52F7-0F80-4995-9F12-BB6BF587D649}.Debug|x86.Build.0 = Debug|Win32
		{D58C52F7-0F80-4995-9F12-BB6BF587D649}.Release|x64.ActiveCfg = Release|x64
		{D58C52F7-0F80-4995-9F12-BB6BF587D649}.Release|x64.Build.0 = Release|x64
		{D58C52F7-0F80-4995-9F12-BB6BF587D649}.Release|x86.ActiveCfg = Release|Win32
		{D58C52F7-0F80-4995-9F12-BB6BF587D649}.Release|x86.Build.0 = Release|Win32
	EndGlobalSection
	GlobalSection(SolutionProperties) = preSolution
		HideSolutionNode = FALSE
	EndGlobalSection
	GlobalSection(ExtensibilityGlobals) = postSolution
		SolutionGuid = {7176A562-0A93-4435-A344-CAF4E64C16B6}
	EndGlobalSection
EndGlobal
